<?xml version="1.0" encoding="utf-8"?>
<Project ToolsVersion="4.0" xmlns="http://schemas.microsoft.com/developer/msbuild/2003">
  <ItemGroup>
    <Filter Include="win32">
      <UniqueIdentifier>{84a8ebd7-7cf0-47f6-b75e-d441df67da40}</UniqueIdentifier>
    </Filter>
    <Filter Include="Classes">
      <UniqueIdentifier>{bb6c862e-70e9-49d9-81b7-3829a6f50471}</UniqueIdentifier>
    </Filter>
    <Filter Include="sockets">
      <UniqueIdentifier>{7ba8eabd-b35d-41ba-9918-afe275498755}</UniqueIdentifier>
    </Filter>
    <Filter Include="NetworkHandler">
      <UniqueIdentifier>{708b14dd-da84-4e12-b91b-2c30f1e91b7b}</UniqueIdentifier>
    </Filter>
    <Filter Include="Logic">
      <UniqueIdentifier>{5cf28b15-d5c8-46f0-b72d-58b99a481944}</UniqueIdentifier>
    </Filter>
  </ItemGroup>
  <ItemGroup>
    <ClCompile Include="main.cpp">
      <Filter>win32</Filter>
    </ClCompile>
    <ClCompile Include="..\Classes\AppDelegate.cpp">
      <Filter>Classes</Filter>
    </ClCompile>
    <ClCompile Include="..\Classes\HelloWorldScene.cpp">
      <Filter>Classes</Filter>
    </ClCompile>
    <ClCompile Include="..\Classes\sockets\Base64.cpp">
      <Filter>sockets</Filter>
    </ClCompile>
    <ClCompile Include="..\Classes\sockets\Debug.cpp">
      <Filter>sockets</Filter>
    </ClCompile>
    <ClCompile Include="..\Classes\sockets\Event.cpp">
      <Filter>sockets</Filter>
    </ClCompile>
    <ClCompile Include="..\Classes\sockets\EventHandler.cpp">
      <Filter>sockets</Filter>
    </ClCompile>
    <ClCompile Include="..\Classes\sockets\EventTime.cpp">
      <Filter>sockets</Filter>
    </ClCompile>
    <ClCompile Include="..\Classes\sockets\Exception.cpp">
      <Filter>sockets</Filter>
    </ClCompile>
    <ClCompile Include="..\Classes\sockets\File.cpp">
      <Filter>sockets</Filter>
    </ClCompile>
    <ClCompile Include="..\Classes\sockets\FileStream.cpp">
      <Filter>sockets</Filter>
    </ClCompile>
    <ClCompile Include="..\Classes\sockets\HttpTransaction.cpp">
      <Filter>sockets</Filter>
    </ClCompile>
    <ClCompile Include="..\Classes\sockets\IEventOwner.cpp">
      <Filter>sockets</Filter>
    </ClCompile>
    <ClCompile Include="..\Classes\sockets\Ipv4Address.cpp">
      <Filter>sockets</Filter>
    </ClCompile>
    <ClCompile Include="..\Classes\sockets\Ipv6Address.cpp">
      <Filter>sockets</Filter>
    </ClCompile>
    <ClCompile Include="..\Classes\sockets\Json.cpp">
      <Filter>sockets</Filter>
    </ClCompile>
    <ClCompile Include="..\Classes\sockets\Lock.cpp">
      <Filter>sockets</Filter>
    </ClCompile>
    <ClCompile Include="..\Classes\sockets\MemFile.cpp">
      <Filter>sockets</Filter>
    </ClCompile>
    <ClCompile Include="..\Classes\sockets\Mutex.cpp">
      <Filter>sockets</Filter>
    </ClCompile>
    <ClCompile Include="..\Classes\sockets\Parse.cpp">
      <Filter>sockets</Filter>
    </ClCompile>
    <ClCompile Include="..\Classes\sockets\ResolvServer.cpp">
      <Filter>sockets</Filter>
    </ClCompile>
    <ClCompile Include="..\Classes\sockets\ResolvSocket.cpp">
      <Filter>sockets</Filter>
    </ClCompile>
    <ClCompile Include="..\Classes\sockets\SctpSocket.cpp">
      <Filter>sockets</Filter>
    </ClCompile>
    <ClCompile Include="..\Classes\sockets\Semaphore.cpp">
      <Filter>sockets</Filter>
    </ClCompile>
    <ClCompile Include="..\Classes\sockets\Socket.cpp">
      <Filter>sockets</Filter>
    </ClCompile>
    <ClCompile Include="..\Classes\sockets\SocketHandler.cpp">
      <Filter>sockets</Filter>
    </ClCompile>
    <ClCompile Include="..\Classes\sockets\SocketHandlerEp.cpp">
      <Filter>sockets</Filter>
    </ClCompile>
    <ClCompile Include="..\Classes\sockets\SocketHandlerThread.cpp">
      <Filter>sockets</Filter>
    </ClCompile>
    <ClCompile Include="..\Classes\sockets\SocketStream.cpp">
      <Filter>sockets</Filter>
    </ClCompile>
    <ClCompile Include="..\Classes\sockets\SocketThread.cpp">
      <Filter>sockets</Filter>
    </ClCompile>
    <ClCompile Include="..\Classes\sockets\SSLInitializer.cpp">
      <Filter>sockets</Filter>
    </ClCompile>
    <ClCompile Include="..\Classes\sockets\StdoutLog.cpp">
      <Filter>sockets</Filter>
    </ClCompile>
    <ClCompile Include="..\Classes\sockets\StreamSocket.cpp">
      <Filter>sockets</Filter>
    </ClCompile>
    <ClCompile Include="..\Classes\sockets\StreamWriter.cpp">
      <Filter>sockets</Filter>
    </ClCompile>
    <ClCompile Include="..\Classes\sockets\TcpSocket.cpp">
      <Filter>sockets</Filter>
    </ClCompile>
    <ClCompile Include="..\Classes\sockets\Thread.cpp">
      <Filter>sockets</Filter>
    </ClCompile>
    <ClCompile Include="..\Classes\sockets\UdpSocket.cpp">
      <Filter>sockets</Filter>
    </ClCompile>
    <ClCompile Include="..\Classes\sockets\Utility.cpp">
      <Filter>sockets</Filter>
    </ClCompile>
    <ClCompile Include="..\Classes\sockets\socket_include.cpp">
      <Filter>sockets</Filter>
    </ClCompile>
    <ClCompile Include="..\Classes\NetworkHandler\IOBuffer.cpp">
      <Filter>NetworkHandler</Filter>
    </ClCompile>
    <ClCompile Include="..\Classes\NetworkHandler\ProtocolHandler.cpp">
      <Filter>NetworkHandler</Filter>
    </ClCompile>
    <ClCompile Include="..\Classes\NetworkHandler\ProtocolSocket.cpp">
      <Filter>NetworkHandler</Filter>
    </ClCompile>
    <ClCompile Include="..\Classes\NetworkHandler\SFPacket.cpp">
      <Filter>NetworkHandler</Filter>
    </ClCompile>
    <ClCompile Include="..\Classes\NetworkHandler\PacketCore.pb.cc">
      <Filter>NetworkHandler</Filter>
    </ClCompile>
    <ClCompile Include="..\Classes\NetworkHandler\SevenGamePacket.pb.cc">
      <Filter>NetworkHandler</Filter>
    </ClCompile>
    <ClCompile Include="..\Classes\NetworkHandler\SFPacketStore.pb.cc">
      <Filter>NetworkHandler</Filter>
    </ClCompile>
    <ClCompile Include="..\Classes\Logic\SGManager.cpp">
      <Filter>Logic</Filter>
    </ClCompile>
    <ClCompile Include="..\Classes\Logic\SGTable.cpp">
      <Filter>Logic</Filter>
    </ClCompile>
    <ClCompile Include="..\Classes\Logic\SGUser.cpp">
      <Filter>Logic</Filter>
    </ClCompile>
    <ClCompile Include="..\Classes\NetworkFacade.cpp">
      <Filter>Classes</Filter>
    </ClCompile>
    <ClCompile Include="..\Classes\NetworkHandler\DataBuffer.cpp">
      <Filter>NetworkHandler</Filter>
    </ClCompile>
    <ClCompile Include="..\Classes\NetworkHandler\SFProtobufPacket.cpp">
      <Filter>NetworkHandler</Filter>
    </ClCompile>
    <ClCompile Include="..\Classes\NetworkHandler\SFProtobufPacketImpl.cpp">
      <Filter>NetworkHandler</Filter>
    </ClCompile>
    <ClCompile Include="..\Classes\NetworkHandler\SFProtobufProtocol.cpp">
      <Filter>NetworkHandler</Filter>
    </ClCompile>
    <ClCompile Include="..\Classes\NetworkHandler\SFProtocol.cpp">
      <Filter>NetworkHandler</Filter>
    </ClCompile>
    <ClCompile Include="..\Classes\NetworkHandler\ProtobufHandler.cpp">
      <Filter>NetworkHandler</Filter>
    </ClCompile>
    <ClCompile Include="..\Classes\NetworkHandler\ProtobufSocket.cpp">
      <Filter>NetworkHandler</Filter>
    </ClCompile>
    <ClCompile Include="..\Classes\NetworkHandler\SevenGameProtocol.cpp">
      <Filter>NetworkHandler</Filter>
    </ClCompile>
    <ClCompile Include="..\Classes\LoginLayer.cpp">
      <Filter>Classes</Filter>
    </ClCompile>
  </ItemGroup>
  <ItemGroup>
    <ClInclude Include="main.h">
      <Filter>win32</Filter>
    </ClInclude>
    <ClInclude Include="..\Classes\AppDelegate.h">
      <Filter>Classes</Filter>
    </ClInclude>
    <ClInclude Include="..\Classes\HelloWorldScene.h">
      <Filter>Classes</Filter>
    </ClInclude>
    <ClInclude Include="..\Classes\sockets\Base64.h">
      <Filter>sockets</Filter>
    </ClInclude>
    <ClInclude Include="..\Classes\sockets\Debug.h">
      <Filter>sockets</Filter>
    </ClInclude>
    <ClInclude Include="..\Classes\sockets\Event.h">
      <Filter>sockets</Filter>
    </ClInclude>
    <ClInclude Include="..\Classes\sockets\EventHandler.h">
      <Filter>sockets</Filter>
    </ClInclude>
    <ClInclude Include="..\Classes\sockets\EventTime.h">
      <Filter>sockets</Filter>
    </ClInclude>
    <ClInclude Include="..\Classes\sockets\Exception.h">
      <Filter>sockets</Filter>
    </ClInclude>
    <ClInclude Include="..\Classes\sockets\File.h">
      <Filter>sockets</Filter>
    </ClInclude>
    <ClInclude Include="..\Classes\sockets\FileStream.h">
      <Filter>sockets</Filter>
    </ClInclude>
    <ClInclude Include="..\Classes\sockets\HttpTransaction.h">
      <Filter>sockets</Filter>
    </ClInclude>
    <ClInclude Include="..\Classes\sockets\IBase.h">
      <Filter>sockets</Filter>
    </ClInclude>
    <ClInclude Include="..\Classes\sockets\IEventHandler.h">
      <Filter>sockets</Filter>
    </ClInclude>
    <ClInclude Include="..\Classes\sockets\IEventOwner.h">
      <Filter>sockets</Filter>
    </ClInclude>
    <ClInclude Include="..\Classes\sockets\IFile.h">
      <Filter>sockets</Filter>
    </ClInclude>
    <ClInclude Include="..\Classes\sockets\IFileUpload.h">
      <Filter>sockets</Filter>
    </ClInclude>
    <ClInclude Include="..\Classes\sockets\IHttpServer.h">
      <Filter>sockets</Filter>
    </ClInclude>
    <ClInclude Include="..\Classes\sockets\IModel.h">
      <Filter>sockets</Filter>
    </ClInclude>
    <ClInclude Include="..\Classes\sockets\IMutex.h">
      <Filter>sockets</Filter>
    </ClInclude>
    <ClInclude Include="..\Classes\sockets\Ipv4Address.h">
      <Filter>sockets</Filter>
    </ClInclude>
    <ClInclude Include="..\Classes\sockets\Ipv6Address.h">
      <Filter>sockets</Filter>
    </ClInclude>
    <ClInclude Include="..\Classes\sockets\ISocketHandler.h">
      <Filter>sockets</Filter>
    </ClInclude>
    <ClInclude Include="..\Classes\sockets\IStream.h">
      <Filter>sockets</Filter>
    </ClInclude>
    <ClInclude Include="..\Classes\sockets\Json.h">
      <Filter>sockets</Filter>
    </ClInclude>
    <ClInclude Include="..\Classes\sockets\ListenSocket.h">
      <Filter>sockets</Filter>
    </ClInclude>
    <ClInclude Include="..\Classes\sockets\Lock.h">
      <Filter>sockets</Filter>
    </ClInclude>
    <ClInclude Include="..\Classes\sockets\MemFile.h">
      <Filter>sockets</Filter>
    </ClInclude>
    <ClInclude Include="..\Classes\sockets\Mutex.h">
      <Filter>sockets</Filter>
    </ClInclude>
    <ClInclude Include="..\Classes\sockets\Parse.h">
      <Filter>sockets</Filter>
    </ClInclude>
    <ClInclude Include="..\Classes\sockets\ResolvServer.h">
      <Filter>sockets</Filter>
    </ClInclude>
    <ClInclude Include="..\Classes\sockets\ResolvSocket.h">
      <Filter>sockets</Filter>
    </ClInclude>
    <ClInclude Include="..\Classes\sockets\SctpSocket.h">
      <Filter>sockets</Filter>
    </ClInclude>
    <ClInclude Include="..\Classes\sockets\Semaphore2.h">
      <Filter>sockets</Filter>
    </ClInclude>
    <ClInclude Include="..\Classes\sockets\Singleton.h">
      <Filter>sockets</Filter>
    </ClInclude>
    <ClInclude Include="..\Classes\sockets\Socket.h">
      <Filter>sockets</Filter>
    </ClInclude>
    <ClInclude Include="..\Classes\sockets\socket_include.h">
      <Filter>sockets</Filter>
    </ClInclude>
    <ClInclude Include="..\Classes\sockets\SocketAddress.h">
      <Filter>sockets</Filter>
    </ClInclude>
    <ClInclude Include="..\Classes\sockets\SocketHandler.h">
      <Filter>sockets</Filter>
    </ClInclude>
    <ClInclude Include="..\Classes\sockets\SocketHandlerEp.h">
      <Filter>sockets</Filter>
    </ClInclude>
    <ClInclude Include="..\Classes\sockets\SocketHandlerThread.h">
      <Filter>sockets</Filter>
    </ClInclude>
    <ClInclude Include="..\Classes\sockets\sockets-config.h">
      <Filter>sockets</Filter>
    </ClInclude>
    <ClInclude Include="..\Classes\sockets\SocketStream.h">
      <Filter>sockets</Filter>
    </ClInclude>
    <ClInclude Include="..\Classes\sockets\SocketThread.h">
      <Filter>sockets</Filter>
    </ClInclude>
    <ClInclude Include="..\Classes\sockets\SSLInitializer.h">
      <Filter>sockets</Filter>
    </ClInclude>
    <ClInclude Include="..\Classes\sockets\StdLog.h">
      <Filter>sockets</Filter>
    </ClInclude>
    <ClInclude Include="..\Classes\sockets\StdoutLog.h">
      <Filter>sockets</Filter>
    </ClInclude>
    <ClInclude Include="..\Classes\sockets\StreamSocket.h">
      <Filter>sockets</Filter>
    </ClInclude>
    <ClInclude Include="..\Classes\sockets\StreamWriter.h">
      <Filter>sockets</Filter>
    </ClInclude>
    <ClInclude Include="..\Classes\sockets\TcpSocket.h">
      <Filter>sockets</Filter>
    </ClInclude>
    <ClInclude Include="..\Classes\sockets\Thread.h">
      <Filter>sockets</Filter>
    </ClInclude>
    <ClInclude Include="..\Classes\sockets\UdpSocket.h">
      <Filter>sockets</Filter>
    </ClInclude>
    <ClInclude Include="..\Classes\sockets\Utility.h">
      <Filter>sockets</Filter>
    </ClInclude>
    <ClInclude Include="..\Classes\NetworkHandler\IOBuffer.h">
      <Filter>NetworkHandler</Filter>
    </ClInclude>
    <ClInclude Include="..\Classes\NetworkHandler\ProtocolHandler.h">
      <Filter>NetworkHandler</Filter>
    </ClInclude>
    <ClInclude Include="..\Classes\NetworkHandler\ProtocolSocket.h">
      <Filter>NetworkHandler</Filter>
    </ClInclude>
    <ClInclude Include="..\Classes\NetworkHandler\SFPacket.h">
      <Filter>NetworkHandler</Filter>
    </ClInclude>
    <ClInclude Include="..\Classes\NetworkHandler\SFPacketHeader.h">
      <Filter>NetworkHandler</Filter>
    </ClInclude>
    <ClInclude Include="..\Classes\NetworkHandler\PacketCore.pb.h">
      <Filter>NetworkHandler</Filter>
    </ClInclude>
    <ClInclude Include="..\Classes\NetworkHandler\SevenGamePacket.pb.h">
      <Filter>NetworkHandler</Filter>
    </ClInclude>
    <ClInclude Include="..\Classes\NetworkHandler\SFPacketStore.pb.h">
      <Filter>NetworkHandler</Filter>
    </ClInclude>
    <ClInclude Include="..\Classes\Logic\SGManager.h">
      <Filter>Logic</Filter>
    </ClInclude>
    <ClInclude Include="..\Classes\Logic\SGTable.h">
      <Filter>Logic</Filter>
    </ClInclude>
    <ClInclude Include="..\Classes\Logic\SGUser.h">
      <Filter>Logic</Filter>
    </ClInclude>
    <ClInclude Include="..\Classes\Logic\Define.h">
      <Filter>Logic</Filter>
    </ClInclude>
    <ClInclude Include="..\Classes\NetworkFacade.h">
      <Filter>Classes</Filter>
    </ClInclude>
    <ClInclude Include="..\Classes\NetworkHandler\DataBuffer.h">
      <Filter>NetworkHandler</Filter>
    </ClInclude>
    <ClInclude Include="..\Classes\NetworkHandler\SFProtobufPacket.h">
      <Filter>NetworkHandler</Filter>
    </ClInclude>
    <ClInclude Include="..\Classes\NetworkHandler\SFProtobufPacketImpl.h">
      <Filter>NetworkHandler</Filter>
    </ClInclude>
    <ClInclude Include="..\Classes\NetworkHandler\SFProtobufProtocol.h">
      <Filter>NetworkHandler</Filter>
    </ClInclude>
    <ClInclude Include="..\Classes\NetworkHandler\SFProtocol.h">
      <Filter>NetworkHandler</Filter>
    </ClInclude>
    <ClInclude Include="..\Classes\NetworkHandler\ProtobufHandler.h">
      <Filter>NetworkHandler</Filter>
    </ClInclude>
    <ClInclude Include="..\Classes\NetworkHandler\ProtobufSocket.h">
      <Filter>NetworkHandler</Filter>
    </ClInclude>
    <ClInclude Include="..\Classes\NetworkHandler\SevenGameProtocol.h">
      <Filter>NetworkHandler</Filter>
    </ClInclude>
    <ClInclude Include="..\Classes\LoginLayer.h">
      <Filter>Classes</Filter>
    </ClInclude>
    <ClInclude Include="..\Classes\CommonStructure.h">
      <Filter>Classes</Filter>
    </ClInclude>
  </ItemGroup>
</Project>