<?xml version="1.0" encoding="utf-8"?>
<Project ToolsVersion="4.0" xmlns="http://schemas.microsoft.com/developer/msbuild/2003">
  <ItemGroup>
    <Filter Include="win32">
      <UniqueIdentifier>{84a8ebd7-7cf0-47f6-b75e-d441df67da40}</UniqueIdentifier>
    </Filter>
    <Filter Include="Classes">
      <UniqueIdentifier>{bb6c862e-70e9-49d9-81b7-3829a6f50471}</UniqueIdentifier>
    </Filter>
    <Filter Include="pugixml">
      <UniqueIdentifier>{80209f72-992f-4da7-ad9b-e19bb627f753}</UniqueIdentifier>
    </Filter>
  </ItemGroup>
  <ItemGroup>
    <ClCompile Include="main.cpp">
      <Filter>win32</Filter>
    </ClCompile>
    <ClCompile Include="..\Classes\AppDelegate.cpp">
      <Filter>Classes</Filter>
    </ClCompile>
    <ClCompile Include="..\Classes\HelloWorldScene.cpp">
      <Filter>Classes</Filter>
    </ClCompile>
    <ClCompile Include="..\Classes\AGGameFSM.cpp">
      <Filter>Classes</Filter>
    </ClCompile>
    <ClCompile Include="..\Classes\AGGameIntro.cpp">
      <Filter>Classes</Filter>
    </ClCompile>
    <ClCompile Include="..\Classes\AGGameMain.cpp">
      <Filter>Classes</Filter>
    </ClCompile>
    <ClCompile Include="..\Classes\AGGameMgr.cpp">
      <Filter>Classes</Filter>
    </ClCompile>
    <ClCompile Include="..\Classes\AGGameState.cpp">
      <Filter>Classes</Filter>
    </ClCompile>
    <ClCompile Include="..\Classes\AGGameTitle.cpp">
      <Filter>Classes</Filter>
    </ClCompile>
    <ClCompile Include="..\Classes\AGInventoryLayer.cpp">
      <Filter>Classes</Filter>
    </ClCompile>
    <ClCompile Include="..\Classes\AGTextLayer.cpp">
      <Filter>Classes</Filter>
    </ClCompile>
    <ClCompile Include="..\Classes\pugixml\pugixml.cpp">
      <Filter>pugixml</Filter>
    </ClCompile>
  </ItemGroup>
  <ItemGroup>
    <ClInclude Include="main.h">
      <Filter>win32</Filter>
    </ClInclude>
    <ClInclude Include="..\Classes\AppDelegate.h">
      <Filter>Classes</Filter>
    </ClInclude>
    <ClInclude Include="..\Classes\HelloWorldScene.h">
      <Filter>Classes</Filter>
    </ClInclude>
    <ClInclude Include="..\Classes\AGConstant.h">
      <Filter>Classes</Filter>
    </ClInclude>
    <ClInclude Include="..\Classes\AGF.h">
      <Filter>Classes</Filter>
    </ClInclude>
    <ClInclude Include="..\Classes\AGGameFSM.h">
      <Filter>Classes</Filter>
    </ClInclude>
    <ClInclude Include="..\Classes\AGGameIntro.h">
      <Filter>Classes</Filter>
    </ClInclude>
    <ClInclude Include="..\Classes\AGGameMain.h">
      <Filter>Classes</Filter>
    </ClInclude>
    <ClInclude Include="..\Classes\AGGameMgr.h">
      <Filter>Classes</Filter>
    </ClInclude>
    <ClInclude Include="..\Classes\AGGameState.h">
      <Filter>Classes</Filter>
    </ClInclude>
    <ClInclude Include="..\Classes\AGGameTitle.h">
      <Filter>Classes</Filter>
    </ClInclude>
    <ClInclude Include="..\Classes\AGInventoryLayer.h">
      <Filter>Classes</Filter>
    </ClInclude>
    <ClInclude Include="..\Classes\AGStructure.h">
      <Filter>Classes</Filter>
    </ClInclude>
    <ClInclude Include="..\Classes\AGTextLayer.h">
      <Filter>Classes</Filter>
    </ClInclude>
    <ClInclude Include="..\Classes\resource.h">
      <Filter>Classes</Filter>
    </ClInclude>
    <ClInclude Include="..\Classes\pugixml\foreach.hpp">
      <Filter>pugixml</Filter>
    </ClInclude>
    <ClInclude Include="..\Classes\pugixml\pugiconfig.hpp">
      <Filter>pugixml</Filter>
    </ClInclude>
    <ClInclude Include="..\Classes\pugixml\pugixml.hpp">
      <Filter>pugixml</Filter>
    </ClInclude>
  </ItemGroup>
</Project>